version = '1.0'
generated = '2026-07-31T11:50:09.695054949Z'
dependencies.EthernetFrameClassifier.version = '0.1.0'
dependencies.EthernetFrameClassifier.source = 'https://api.packages.livt.eccelerators.com'
dependencies.EthernetFrameClassifier.checksum = 'sha256:dc8aca9929416b74142bafd42f799ded540eacf2d7134fc7ac86278dc6dee385'
dependencies.'Livt.Base'.version = '0.1.1'
dependencies.'Livt.Base'.source = 'https://api.packages.livt.eccelerators.com'
dependencies.'Livt.Base'.checksum = 'sha256:fca380ff6afa116501e3f42b6fb68e46b290ba605d94bbdfebb3fc2b0b866a22'
dependencies.'Livt.IO'.version = '0.2.0'
dependencies.'Livt.IO'.source = 'https://api.packages.livt.eccelerators.com'
dependencies.'Livt.IO'.checksum = 'sha256:7bf8cd1dce28c09c841884d0272f55146fec10a40618b58f1f9c50dc65915e79'
dependencies.'Livt.ML'.version = '0.2.0'
dependencies.'Livt.ML'.source = 'https://api.packages.livt.eccelerators.com'
dependencies.'Livt.ML'.checksum = 'sha256:78494c54bcfdcbc476f29754c3224243db039823dad2da29965c4bb7496112eb'
dependencies.'Livt.Math'.version = '0.3.1'
dependencies.'Livt.Math'.source = 'https://api.packages.livt.eccelerators.com'
dependencies.'Livt.Math'.checksum = 'sha256:725e373766046407ceee2c7671771594f2663ae60b9ec40770eda67c808deb70'
dependencies.'Livt.Net'.version = '0.26.0'
dependencies.'Livt.Net'.source = 'https://api.packages.livt.eccelerators.com'
dependencies.'Livt.Net'.checksum = 'sha256:3ad13bd739ade45171c9d663a06f63998851ccf00b94a196e2d28b092509a4d4'
dependencies.'Livt.Web'.version = '0.1.0'
dependencies.'Livt.Web'.source = 'https://api.packages.livt.eccelerators.com'
dependencies.'Livt.Web'.checksum = 'sha256:bf9329b1cb43dcdb03b5658ea23d9b33e9a8af6b048bc8b406ccf93e52031fd9'
