version = '1.0'
generated = '2026-06-24T12:17:29.913533850Z'
dependencies.'Livt.IO'.version = '0.1.0'
dependencies.'Livt.IO'.source = 'https://api.packages.livt.eccelerators.com'
dependencies.'Livt.IO'.checksum = ''
dependencies.'Livt.Net'.version = '0.26.0'
dependencies.'Livt.Net'.source = 'https://api.packages.livt.eccelerators.com'
dependencies.'Livt.Net'.checksum = ''
dependencies.'Livt.Web'.version = '0.1.0'
dependencies.'Livt.Web'.source = 'https://api.packages.livt.eccelerators.com'
dependencies.'Livt.Web'.checksum = ''
dependencies.'Livt.Math'.version = '0.3.1'
dependencies.'Livt.Math'.source = 'https://api.packages.livt.eccelerators.com'
dependencies.'Livt.Math'.checksum = ''
dependencies.EthernetFrameClassifier.version = '0.1.0'
dependencies.EthernetFrameClassifier.source = 'https://api.packages.livt.eccelerators.com'
dependencies.EthernetFrameClassifier.checksum = ''
dependencies.'Livt.Base'.version = '0.1.1'
dependencies.'Livt.Base'.source = 'https://api.packages.livt.eccelerators.com'
dependencies.'Livt.Base'.checksum = ''
dependencies.'Livt.ML'.version = '0.2.0'
dependencies.'Livt.ML'.source = 'https://api.packages.livt.eccelerators.com'
dependencies.'Livt.ML'.checksum = ''
