version = '1.0'
generated = '2026-09-25T12:28:46.463911706Z'
dependencies.'Livt.IO'.version = '1.2.0-dev'
dependencies.'Livt.IO'.source = 'https://api.packages.livt.eccelerators.com'
dependencies.'Livt.IO'.checksum = 'sha256:bc7a8ad61ddc413f3448b89e1c32db2ad782f0e01eaa8f5cd5bf60de3803d329'
dependencies.'Livt.Net'.version = '1.1.0-dev'
dependencies.'Livt.Net'.source = 'https://api.packages.livt.eccelerators.com'
dependencies.'Livt.Net'.checksum = 'sha256:9f5e4ca106027427ba1befd43cf49fbcde47dd6704fd3514271e92838ac57a0d'
dependencies.'Livt.Web'.version = '1.0.0-dev'
dependencies.'Livt.Web'.source = 'https://api.packages.livt.eccelerators.com'
dependencies.'Livt.Web'.checksum = 'sha256:9d40ce34cce251970ab2e1ddfede434440139993f09e555ba948fa96c1b2a2ad'
dependencies.'Livt.Base'.version = '1.1.0'
dependencies.'Livt.Base'.source = 'https://api.packages.livt.eccelerators.com'
dependencies.'Livt.Base'.checksum = 'sha256:55e8301707259d9655ebfeec48c686912c29825896ee43c357ea833c66615c8d'
